// !$*UTF8*$!
{
	archiveVersion = 1;
	classes = {
	};
	objectVersion = 46;
	objects = {

/* Begin PBXBuildFile section */
		2B6D34EC1E92BB2900DBC43D /* AppDelegate.swift in Sources */ = {isa = PBXBuildFile; fileRef = 2B6D34EB1E92BB2900DBC43D /* AppDelegate.swift */; };
		2B6D34EE1E92BB2900DBC43D /* ViewController.swift in Sources */ = {isa = PBXBuildFile; fileRef = 2B6D34ED1E92BB2900DBC43D /* ViewController.swift */; };
		2B6D34F11E92BB2900DBC43D /* Main.storyboard in Resources */ = {isa = PBXBuildFile; fileRef = 2B6D34EF1E92BB2900DBC43D /* Main.storyboard */; };
		2B6D34F41E92BB2900DBC43D /* AlzBuddy.xcdatamodeld in Sources */ = {isa = PBXBuildFile; fileRef = 2B6D34F21E92BB2900DBC43D /* AlzBuddy.xcdatamodeld */; };
		2B6D34F61E92BB2900DBC43D /* Assets.xcassets in Resources */ = {isa = PBXBuildFile; fileRef = 2B6D34F51E92BB2900DBC43D /* Assets.xcassets */; };
		2B6D34F91E92BB2900DBC43D /* LaunchScreen.storyboard in Resources */ = {isa = PBXBuildFile; fileRef = 2B6D34F71E92BB2900DBC43D /* LaunchScreen.storyboard */; };
		2B6D35041E92BB2A00DBC43D /* AlzBuddyTests.swift in Sources */ = {isa = PBXBuildFile; fileRef = 2B6D35031E92BB2A00DBC43D /* AlzBuddyTests.swift */; };
		2B6D350F1E92BB2A00DBC43D /* AlzBuddyUITests.swift in Sources */ = {isa = PBXBuildFile; fileRef = 2B6D350E1E92BB2A00DBC43D /* AlzBuddyUITests.swift */; };
/* End PBXBuildFile section */

/* Begin PBXContainerItemProxy section */
		2B6D35001E92BB2A00DBC43D /* PBXContainerItemProxy */ = {
			isa = PBXContainerItemProxy;
			containerPortal = 2B6D34E01E92BB2900DBC43D /* Project object */;
			proxyType = 1;
			remoteGlobalIDString = 2B6D34E71E92BB2900DBC43D;
			remoteInfo = AlzBuddy;
		};
		2B6D350B1E92BB2A00DBC43D /* PBXContainerItemProxy */ = {
			isa = PBXContainerItemProxy;
			containerPortal = 2B6D34E01E92BB2900DBC43D /* Project object */;
			proxyType = 1;
			remoteGlobalIDString = 2B6D34E71E92BB2900DBC43D;
			remoteInfo = AlzBuddy;
		};
/* End PBXContainerItemProxy section */

/* Begin PBXFileReference section */
		2B6D34E81E92BB2900DBC43D /* AlzBuddy.app */ = {isa = PBXFileReference; explicitFileType = wrapper.application; includeInIndex = 0; path = AlzBuddy.app; sourceTree = BUILT_PRODUCTS_DIR; };
		2B6D34EB1E92BB2900DBC43D /* AppDelegate.swift */ = {isa = PBXFileReference; lastKnownFileType = sourcecode.swift; path = AppDelegate.swift; sourceTree = "<group>"; };
		2B6D34ED1E92BB2900DBC43D /* ViewController.swift */ = {isa = PBXFileReference; lastKnownFileType = sourcecode.swift; path = ViewController.swift; sourceTree = "<group>"; };
		2B6D34F01E92BB2900DBC43D /* Base */ = {isa = PBXFileReference; lastKnownFileType = file.storyboard; name = Base; path = Base.lproj/Main.storyboard; sourceTree = "<group>"; };
		2B6D34F31E92BB2900DBC43D /* AlzBuddy.xcdatamodel */ = {isa = PBXFileReference; lastKnownFileType = wrapper.xcdatamodel; path = AlzBuddy.xcdatamodel; sourceTree = "<group>"; };
		2B6D34F51E92BB2900DBC43D /* Assets.xcassets */ = {isa = PBXFileReference; lastKnownFileType = folder.assetcatalog; path = Assets.xcassets; sourceTree = "<group>"; };
		2B6D34F81E92BB2900DBC43D /* Base */ = {isa = PBXFileReference; lastKnownFileType = file.storyboard; name = Base; path = Base.lproj/LaunchScreen.storyboard; sourceTree = "<group>"; };
		2B6D34FA1E92BB2900DBC43D /* Info.plist */ = {isa = PBXFileReference; lastKnownFileType = text.plist.xml; path = Info.plist; sourceTree = "<group>"; };
		2B6D34FF1E92BB2A00DBC43D /* AlzBuddyTests.xctest */ = {isa = PBXFileReference; explicitFileType = wrapper.cfbundle; includeInIndex = 0; path = AlzBuddyTests.xctest; sourceTree = BUILT_PRODUCTS_DIR; };
		2B6D35031E92BB2A00DBC43D /* AlzBuddyTests.swift */ = {isa = PBXFileReference; lastKnownFileType = sourcecode.swift; path = AlzBuddyTests.swift; sourceTree = "<group>"; };
		2B6D35051E92BB2A00DBC43D /* Info.plist */ = {isa = PBXFileReference; lastKnownFileType = text.plist.xml; path = Info.plist; sourceTree = "<group>"; };
		2B6D350A1E92BB2A00DBC43D /* AlzBuddyUITests.xctest */ = {isa = PBXFileReference; explicitFileType = wrapper.cfbundle; includeInIndex = 0; path = AlzBuddyUITests.xctest; sourceTree = BUILT_PRODUCTS_DIR; };
		2B6D350E1E92BB2A00DBC43D /* AlzBuddyUITests.swift */ = {isa = PBXFileReference; lastKnownFileType = sourcecode.swift; path = AlzBuddyUITests.swift; sourceTree = "<group>"; };
		2B6D35101E92BB2A00DBC43D /* Info.plist */ = {isa = PBXFileReference; lastKnownFileType = text.plist.xml; path = Info.plist; sourceTree = "<group>"; };
/* End PBXFileReference section */

/* Begin PBXFrameworksBuildPhase section */
		2B6D34E51E92BB2900DBC43D /* Frameworks */ = {
			isa = PBXFrameworksBuildPhase;
			buildActionMask = 2147483647;
			files = (
			);
			runOnlyForDeploymentPostprocessing = 0;
		};
		2B6D34FC1E92BB2A00DBC43D /* Frameworks */ = {
			isa = PBXFrameworksBuildPhase;
			buildActionMask = 2147483647;
			files = (
			);
			runOnlyForDeploymentPostprocessing = 0;
		};
		2B6D35071E92BB2A00DBC43D /* Frameworks */ = {
			isa = PBXFrameworksBuildPhase;
			buildActionMask = 2147483647;
			files = (
			);
			runOnlyForDeploymentPostprocessing = 0;
		};
/* End PBXFrameworksBuildPhase section */

/* Begin PBXGroup section */
		2B6D34DF1E92BB2900DBC43D = {
			isa = PBXGroup;
			children = (
				2B6D34EA1E92BB2900DBC43D /* AlzBuddy */,
				2B6D35021E92BB2A00DBC43D /* AlzBuddyTests */,
				2B6D350D1E92BB2A00DBC43D /* AlzBuddyUITests */,
				2B6D34E91E92BB2900DBC43D /* Products */,
			);
			sourceTree = "<group>";
		};
		2B6D34E91E92BB2900DBC43D /* Products */ = {
			isa = PBXGroup;
			children = (
				2B6D34E81E92BB2900DBC43D /* AlzBuddy.app */,
				2B6D34FF1E92BB2A00DBC43D /* AlzBuddyTests.xctest */,
				2B6D350A1E92BB2A00DBC43D /* AlzBuddyUITests.xctest */,
			);
			name = Products;
			sourceTree = "<group>";
		};
		2B6D34EA1E92BB2900DBC43D /* AlzBuddy */ = {
			isa = PBXGroup;
			children = (
				2B6D34EB1E92BB2900DBC43D /* AppDelegate.swift */,
				2B6D34ED1E92BB2900DBC43D /* ViewController.swift */,
				2B6D34EF1E92BB2900DBC43D /* Main.storyboard */,
				2B6D34F51E92BB2900DBC43D /* Assets.xcassets */,
				2B6D34F71E92BB2900DBC43D /* LaunchScreen.storyboard */,
				2B6D34FA1E92BB2900DBC43D /* Info.plist */,
				2B6D34F21E92BB2900DBC43D /* AlzBuddy.xcdatamodeld */,
			);
			path = AlzBuddy;
			sourceTree = "<group>";
		};
		2B6D35021E92BB2A00DBC43D /* AlzBuddyTests */ = {
			isa = PBXGroup;
			children = (
				2B6D35031E92BB2A00DBC43D /* AlzBuddyTests.swift */,
				2B6D35051E92BB2A00DBC43D /* Info.plist */,
			);
			path = AlzBuddyTests;
			sourceTree = "<group>";
		};
		2B6D350D1E92BB2A00DBC43D /* AlzBuddyUITests */ = {
			isa = PBXGroup;
			children = (
				2B6D350E1E92BB2A00DBC43D /* AlzBuddyUITests.swift */,
				2B6D35101E92BB2A00DBC43D /* Info.plist */,
			);
			path = AlzBuddyUITests;
			sourceTree = "<group>";
		};
/* End PBXGroup section */

/* Begin PBXNativeTarget section */
		2B6D34E71E92BB2900DBC43D /* AlzBuddy */ = {
			isa = PBXNativeTarget;
			buildConfigurationList = 2B6D35131E92BB2A00DBC43D /* Build configuration list for PBXNativeTarget "AlzBuddy" */;
			buildPhases = (
				2B6D34E41E92BB2900DBC43D /* Sources */,
				2B6D34E51E92BB2900DBC43D /* Frameworks */,
				2B6D34E61E92BB2900DBC43D /* Resources */,
			);
			buildRules = (
			);
			dependencies = (
			);
			name = AlzBuddy;
			productName = AlzBuddy;
			productReference = 2B6D34E81E92BB2900DBC43D /* AlzBuddy.app */;
			productType = "com.apple.product-type.application";
		};
		2B6D34FE1E92BB2A00DBC43D /* AlzBuddyTests */ = {
			isa = PBXNativeTarget;
			buildConfigurationList = 2B6D35161E92BB2A00DBC43D /* Build configuration list for PBXNativeTarget "AlzBuddyTests" */;
			buildPhases = (
				2B6D34FB1E92BB2A00DBC43D /* Sources */,
				2B6D34FC1E92BB2A00DBC43D /* Frameworks */,
				2B6D34FD1E92BB2A00DBC43D /* Resources */,
			);
			buildRules = (
			);
			dependencies = (
				2B6D35011E92BB2A00DBC43D /* PBXTargetDependency */,
			);
			name = AlzBuddyTests;
			productName = AlzBuddyTests;
			productReference = 2B6D34FF1E92BB2A00DBC43D /* AlzBuddyTests.xctest */;
			productType = "com.apple.product-type.bundle.unit-test";
		};
		2B6D35091E92BB2A00DBC43D /* AlzBuddyUITests */ = {
			isa = PBXNativeTarget;
			buildConfigurationList = 2B6D35191E92BB2A00DBC43D /* Build configuration list for PBXNativeTarget "AlzBuddyUITests" */;
			buildPhases = (
				2B6D35061E92BB2A00DBC43D /* Sources */,
				2B6D35071E92BB2A00DBC43D /* Frameworks */,
				2B6D35081E92BB2A00DBC43D /* Resources */,
			);
			buildRules = (
			);
			dependencies = (
				2B6D350C1E92BB2A00DBC43D /* PBXTargetDependency */,
			);
			name = AlzBuddyUITests;
			productName = AlzBuddyUITests;
			productReference = 2B6D350A1E92BB2A00DBC43D /* AlzBuddyUITests.xctest */;
			productType = "com.apple.product-type.bundle.ui-testing";
		};
/* End PBXNativeTarget section */

/* Begin PBXProject section */
		2B6D34E01E92BB2900DBC43D /* Project object */ = {
			isa = PBXProject;
			attributes = {
				LastSwiftUpdateCheck = 0830;
				LastUpgradeCheck = 0830;
				ORGANIZATIONNAME = "Vinit Jasoliya";
				TargetAttributes = {
					2B6D34E71E92BB2900DBC43D = {
						CreatedOnToolsVersion = 8.3;
						DevelopmentTeam = V3EA789QEM;
						ProvisioningStyle = Automatic;
					};
					2B6D34FE1E92BB2A00DBC43D = {
						CreatedOnToolsVersion = 8.3;
						ProvisioningStyle = Automatic;
						TestTargetID = 2B6D34E71E92BB2900DBC43D;
					};
					2B6D35091E92BB2A00DBC43D = {
						CreatedOnToolsVersion = 8.3;
						ProvisioningStyle = Automatic;
						TestTargetID = 2B6D34E71E92BB2900DBC43D;
					};
				};
			};
			buildConfigurationList = 2B6D34E31E92BB2900DBC43D /* Build configuration list for PBXProject "AlzBuddy" */;
			compatibilityVersion = "Xcode 3.2";
			developmentRegion = English;
			hasScannedForEncodings = 0;
			knownRegions = (
				en,
				Base,
			);
			mainGroup = 2B6D34DF1E92BB2900DBC43D;
			productRefGroup = 2B6D34E91E92BB2900DBC43D /* Products */;
			projectDirPath = "";
			projectRoot = "";
			targets = (
				2B6D34E71E92BB2900DBC43D /* AlzBuddy */,
				2B6D34FE1E92BB2A00DBC43D /* AlzBuddyTests */,
				2B6D35091E92BB2A00DBC43D /* AlzBuddyUITests */,
			);
		};
/* End PBXProject section */

/* Begin PBXResourcesBuildPhase section */
		2B6D34E61E92BB2900DBC43D /* Resources */ = {
			isa = PBXResourcesBuildPhase;
			buildActionMask = 2147483647;
			files = (
				2B6D34F91E92BB2900DBC43D /* LaunchScreen.storyboard in Resources */,
				2B6D34F61E92BB2900DBC43D /* Assets.xcassets in Resources */,
				2B6D34F11E92BB2900DBC43D /* Main.storyboard in Resources */,
			);
			runOnlyForDeploymentPostprocessing = 0;
		};
		2B6D34FD1E92BB2A00DBC43D /* Resources */ = {
			isa = PBXResourcesBuildPhase;
			buildActionMask = 2147483647;
			files = (
			);
			runOnlyForDeploymentPostprocessing = 0;
		};
		2B6D35081E92BB2A00DBC43D /* Resources */ = {
			isa = PBXResourcesBuildPhase;
			buildActionMask = 2147483647;
			files = (
			);
			runOnlyForDeploymentPostprocessing = 0;
		};
/* End PBXResourcesBuildPhase section */

/* Begin PBXSourcesBuildPhase section */
		2B6D34E41E92BB2900DBC43D /* Sources */ = {
			isa = PBXSourcesBuildPhase;
			buildActionMask = 2147483647;
			files = (
				2B6D34EE1E92BB2900DBC43D /* ViewController.swift in Sources */,
				2B6D34F41E92BB2900DBC43D /* AlzBuddy.xcdatamodeld in Sources */,
				2B6D34EC1E92BB2900DBC43D /* AppDelegate.swift in Sources */,
			);
			runOnlyForDeploymentPostprocessing = 0;
		};
		2B6D34FB1E92BB2A00DBC43D /* Sources */ = {
			isa = PBXSourcesBuildPhase;
			buildActionMask = 2147483647;
			files = (
				2B6D35041E92BB2A00DBC43D /* AlzBuddyTests.swift in Sources */,
			);
			runOnlyForDeploymentPostprocessing = 0;
		};
		2B6D35061E92BB2A00DBC43D /* Sources */ = {
			isa = PBXSourcesBuildPhase;
			buildActionMask = 2147483647;
			files = (
				2B6D350F1E92BB2A00DBC43D /* AlzBuddyUITests.swift in Sources */,
			);
			runOnlyForDeploymentPostprocessing = 0;
		};
/* End PBXSourcesBuildPhase section */

/* Begin PBXTargetDependency section */
		2B6D35011E92BB2A00DBC43D /* PBXTargetDependency */ = {
			isa = PBXTargetDependency;
			target = 2B6D34E71E92BB2900DBC43D /* AlzBuddy */;
			targetProxy = 2B6D35001E92BB2A00DBC43D /* PBXContainerItemProxy */;
		};
		2B6D350C1E92BB2A00DBC43D /* PBXTargetDependency */ = {
			isa = PBXTargetDependency;
			target = 2B6D34E71E92BB2900DBC43D /* AlzBuddy */;
			targetProxy = 2B6D350B1E92BB2A00DBC43D /* PBXContainerItemProxy */;
		};
/* End PBXTargetDependency section */

/* Begin PBXVariantGroup section */
		2B6D34EF1E92BB2900DBC43D /* Main.storyboard */ = {
			isa = PBXVariantGroup;
			children = (
				2B6D34F01E92BB2900DBC43D /* Base */,
			);
			name = Main.storyboard;
			sourceTree = "<group>";
		};
		2B6D34F71E92BB2900DBC43D /* LaunchScreen.storyboard */ = {
			isa = PBXVariantGroup;
			children = (
				2B6D34F81E92BB2900DBC43D /* Base */,
			);
			name = LaunchScreen.storyboard;
			sourceTree = "<group>";
		};
/* End PBXVariantGroup section */

/* Begin XCBuildConfiguration section */
		2B6D35111E92BB2A00DBC43D /* Debug */ = {
			isa = XCBuildConfiguration;
			buildSettings = {
				ALWAYS_SEARCH_USER_PATHS = NO;
				CLANG_ANALYZER_NONNULL = YES;
				CLANG_ANALYZER_NUMBER_OBJECT_CONVERSION = YES_AGGRESSIVE;
				CLANG_CXX_LANGUAGE_STANDARD = "gnu++0x";
				CLANG_CXX_LIBRARY = "libc++";
				CLANG_ENABLE_MODULES = YES;
				CLANG_ENABLE_OBJC_ARC = YES;
				CLANG_WARN_BOOL_CONVERSION = YES;
				CLANG_WARN_CONSTANT_CONVERSION = YES;
				CLANG_WARN_DIRECT_OBJC_ISA_USAGE = YES_ERROR;
				CLANG_WARN_DOCUMENTATION_COMMENTS = YES;
				CLANG_WARN_EMPTY_BODY = YES;
				CLANG_WARN_ENUM_CONVERSION = YES;
				CLANG_WARN_INFINITE_RECURSION = YES;
				CLANG_WARN_INT_CONVERSION = YES;
				CLANG_WARN_OBJC_ROOT_CLASS = YES_ERROR;
				CLANG_WARN_SUSPICIOUS_MOVE = YES;
				CLANG_WARN_UNREACHABLE_CODE = YES;
				CLANG_WARN__DUPLICATE_METHOD_MATCH = YES;
				"CODE_SIGN_IDENTITY[sdk=iphoneos*]" = "iPhone Developer";
				COPY_PHASE_STRIP = NO;
				DEBUG_INFORMATION_FORMAT = dwarf;
				ENABLE_STRICT_OBJC_MSGSEND = YES;
				ENABLE_TESTABILITY = YES;
				GCC_C_LANGUAGE_STANDARD = gnu99;
				GCC_DYNAMIC_NO_PIC = NO;
				GCC_NO_COMMON_BLOCKS = YES;
				GCC_OPTIMIZATION_LEVEL = 0;
				GCC_PREPROCESSOR_DEFINITIONS = (
					"DEBUG=1",
					"$(inherited)",
				);
				GCC_WARN_64_TO_32_BIT_CONVERSION = YES;
				GCC_WARN_ABOUT_RETURN_TYPE = YES_ERROR;
				GCC_WARN_UNDECLARED_SELECTOR = YES;
				GCC_WARN_UNINITIALIZED_AUTOS = YES_AGGRESSIVE;
				GCC_WARN_UNUSED_FUNCTION = YES;
				GCC_WARN_UNUSED_VARIABLE = YES;
				IPHONEOS_DEPLOYMENT_TARGET = 10.3;
				MTL_ENABLE_DEBUG_INFO = YES;
				ONLY_ACTIVE_ARCH = YES;
				SDKROOT = iphoneos;
				SWIFT_ACTIVE_COMPILATION_CONDITIONS = DEBUG;
				SWIFT_OPTIMIZATION_LEVEL = "-Onone";
				TARGETED_DEVICE_FAMILY = "1,2";
			};
			name = Debug;
		};
		2B6D35121E92BB2A00DBC43D /* Release */ = {
			isa = XCBuildConfiguration;
			buildSettings = {
				ALWAYS_SEARCH_USER_PATHS = NO;
				CLANG_ANALYZER_NONNULL = YES;
				CLANG_ANALYZER_NUMBER_OBJECT_CONVERSION = YES_AGGRESSIVE;
				CLANG_CXX_LANGUAGE_STANDARD = "gnu++0x";
				CLANG_CXX_LIBRARY = "libc++";
				CLANG_ENABLE_MODULES = YES;
				CLANG_ENABLE_OBJC_ARC = YES;
				CLANG_WARN_BOOL_CONVERSION = YES;
				CLANG_WARN_CONSTANT_CONVERSION = YES;
				CLANG_WARN_DIRECT_OBJC_ISA_USAGE = YES_ERROR;
				CLANG_WARN_DOCUMENTATION_COMMENTS = YES;
				CLANG_WARN_EMPTY_BODY = YES;
				CLANG_WARN_ENUM_CONVERSION = YES;
				CLANG_WARN_INFINITE_RECURSION = YES;
				CLANG_WARN_INT_CONVERSION = YES;
				CLANG_WARN_OBJC_ROOT_CLASS = YES_ERROR;
				CLANG_WARN_SUSPICIOUS_MOVE = YES;
				CLANG_WARN_UNREACHABLE_CODE = YES;
				CLANG_WARN__DUPLICATE_METHOD_MATCH = YES;
				"CODE_SIGN_IDENTITY[sdk=iphoneos*]" = "iPhone Developer";
				COPY_PHASE_STRIP = NO;
				DEBUG_INFORMATION_FORMAT = "dwarf-with-dsym";
				ENABLE_NS_ASSERTIONS = NO;
				ENABLE_STRICT_OBJC_MSGSEND = YES;
				GCC_C_LANGUAGE_STANDARD = gnu99;
				GCC_NO_COMMON_BLOCKS = YES;
				GCC_WARN_64_TO_32_BIT_CONVERSION = YES;
				GCC_WARN_ABOUT_RETURN_TYPE = YES_ERROR;
				GCC_WARN_UNDECLARED_SELECTOR = YES;
				GCC_WARN_UNINITIALIZED_AUTOS = YES_AGGRESSIVE;
				GCC_WARN_UNUSED_FUNCTION = YES;
				GCC_WARN_UNUSED_VARIABLE = YES;
				IPHONEOS_DEPLOYMENT_TARGET = 10.3;
				MTL_ENABLE_DEBUG_INFO = NO;
				SDKROOT = iphoneos;
				SWIFT_OPTIMIZATION_LEVEL = "-Owholemodule";
				TARGETED_DEVICE_FAMILY = "1,2";
				VALIDATE_PRODUCT = YES;
			};
			name = Release;
		};
		2B6D35141E92BB2A00DBC43D /* Debug */ = {
			isa = XCBuildConfiguration;
			buildSettings = {
				ASSETCATALOG_COMPILER_APPICON_NAME = AppIcon;
				DEVELOPMENT_TEAM = V3EA789QEM;
				INFOPLIST_FILE = AlzBuddy/Info.plist;
				LD_RUNPATH_SEARCH_PATHS = "$(inherited) @executable_path/Frameworks";
				PRODUCT_BUNDLE_IDENTIFIER = com.ViNiT.AlzBuddy;
				PRODUCT_NAME = "$(TARGET_NAME)";
				SWIFT_VERSION = 3.0;
			};
			name = Debug;
		};
		2B6D35151E92BB2A00DBC43D /* Release */ = {
			isa = XCBuildConfiguration;
			buildSettings = {
				ASSETCATALOG_COMPILER_APPICON_NAME = AppIcon;
				DEVELOPMENT_TEAM = V3EA789QEM;
				INFOPLIST_FILE = AlzBuddy/Info.plist;
				LD_RUNPATH_SEARCH_PATHS = "$(inherited) @executable_path/Frameworks";
				PRODUCT_BUNDLE_IDENTIFIER = com.ViNiT.AlzBuddy;
				PRODUCT_NAME = "$(TARGET_NAME)";
				SWIFT_VERSION = 3.0;
			};
			name = Release;
		};
		2B6D35171E92BB2A00DBC43D /* Debug */ = {
			isa = XCBuildConfiguration;
			buildSettings = {
				ALWAYS_EMBED_SWIFT_STANDARD_LIBRARIES = YES;
				BUNDLE_LOADER = "$(TEST_HOST)";
				INFOPLIST_FILE = AlzBuddyTests/Info.plist;
				LD_RUNPATH_SEARCH_PATHS = "$(inherited) @executable_path/Frameworks @loader_path/Frameworks";
				PRODUCT_BUNDLE_IDENTIFIER = com.ViNiT.AlzBuddyTests;
				PRODUCT_NAME = "$(TARGET_NAME)";
				SWIFT_VERSION = 3.0;
				TEST_HOST = "$(BUILT_PRODUCTS_DIR)/AlzBuddy.app/AlzBuddy";
			};
			name = Debug;
		};
		2B6D35181E92BB2A00DBC43D /* Release */ = {
			isa = XCBuildConfiguration;
			buildSettings = {
				ALWAYS_EMBED_SWIFT_STANDARD_LIBRARIES = YES;
				BUNDLE_LOADER = "$(TEST_HOST)";
				INFOPLIST_FILE = AlzBuddyTests/Info.plist;
				LD_RUNPATH_SEARCH_PATHS = "$(inherited) @executable_path/Frameworks @loader_path/Frameworks";
				PRODUCT_BUNDLE_IDENTIFIER = com.ViNiT.AlzBuddyTests;
				PRODUCT_NAME = "$(TARGET_NAME)";
				SWIFT_VERSION = 3.0;
				TEST_HOST = "$(BUILT_PRODUCTS_DIR)/AlzBuddy.app/AlzBuddy";
			};
			name = Release;
		};
		2B6D351A1E92BB2A00DBC43D /* Debug */ = {
			isa = XCBuildConfiguration;
			buildSettings = {
				ALWAYS_EMBED_SWIFT_STANDARD_LIBRARIES = YES;
				INFOPLIST_FILE = AlzBuddyUITests/Info.plist;
				LD_RUNPATH_SEARCH_PATHS = "$(inherited) @executable_path/Frameworks @loader_path/Frameworks";
				PRODUCT_BUNDLE_IDENTIFIER = com.ViNiT.AlzBuddyUITests;
				PRODUCT_NAME = "$(TARGET_NAME)";
				SWIFT_VERSION = 3.0;
				TEST_TARGET_NAME = AlzBuddy;
			};
			name = Debug;
		};
		2B6D351B1E92BB2A00DBC43D /* Release */ = {
			isa = XCBuildConfiguration;
			buildSettings = {
				ALWAYS_EMBED_SWIFT_STANDARD_LIBRARIES = YES;
				INFOPLIST_FILE = AlzBuddyUITests/Info.plist;
				LD_RUNPATH_SEARCH_PATHS = "$(inherited) @executable_path/Frameworks @loader_path/Frameworks";
				PRODUCT_BUNDLE_IDENTIFIER = com.ViNiT.AlzBuddyUITests;
				PRODUCT_NAME = "$(TARGET_NAME)";
				SWIFT_VERSION = 3.0;
				TEST_TARGET_NAME = AlzBuddy;
			};
			name = Release;
		};
/* End XCBuildConfiguration section */

/* Begin XCConfigurationList section */
		2B6D34E31E92BB2900DBC43D /* Build configuration list for PBXProject "AlzBuddy" */ = {
			isa = XCConfigurationList;
			buildConfigurations = (
				2B6D35111E92BB2A00DBC43D /* Debug */,
				2B6D35121E92BB2A00DBC43D /* Release */,
			);
			defaultConfigurationIsVisible = 0;
			defaultConfigurationName = Release;
		};
		2B6D35131E92BB2A00DBC43D /* Build configuration list for PBXNativeTarget "AlzBuddy" */ = {
			isa = XCConfigurationList;
			buildConfigurations = (
				2B6D35141E92BB2A00DBC43D /* Debug */,
				2B6D35151E92BB2A00DBC43D /* Release */,
			);
			defaultConfigurationIsVisible = 0;
		};
		2B6D35161E92BB2A00DBC43D /* Build configuration list for PBXNativeTarget "AlzBuddyTests" */ = {
			isa = XCConfigurationList;
			buildConfigurations = (
				2B6D35171E92BB2A00DBC43D /* Debug */,
				2B6D35181E92BB2A00DBC43D /* Release */,
			);
			defaultConfigurationIsVisible = 0;
		};
		2B6D35191E92BB2A00DBC43D /* Build configuration list for PBXNativeTarget "AlzBuddyUITests" */ = {
			isa = XCConfigurationList;
			buildConfigurations = (
				2B6D351A1E92BB2A00DBC43D /* Debug */,
				2B6D351B1E92BB2A00DBC43D /* Release */,
			);
			defaultConfigurationIsVisible = 0;
		};
/* End XCConfigurationList section */

/* Begin XCVersionGroup section */
		2B6D34F21E92BB2900DBC43D /* AlzBuddy.xcdatamodeld */ = {
			isa = XCVersionGroup;
			children = (
				2B6D34F31E92BB2900DBC43D /* AlzBuddy.xcdatamodel */,
			);
			currentVersion = 2B6D34F31E92BB2900DBC43D /* AlzBuddy.xcdatamodel */;
			path = AlzBuddy.xcdatamodeld;
			sourceTree = "<group>";
			versionGroupType = wrapper.xcdatamodel;
		};
/* End XCVersionGroup section */
	};
	rootObject = 2B6D34E01E92BB2900DBC43D /* Project object */;
}
